
Microsoft Visual Studio Solution File, Format Version 12.00
# Visual Studio 14
VisualStudioVersion = 14.0.23107.0
MinimumVisualStudioVersion = 10.0.40219.1
Project("{FAE04EC0-301F-11D3-BF4B-00C04F79EFBC}") = "WcfTcpDuplexSample", "WcfTcpDuplexSample\WcfTcpDuplexSample.csproj", "{48812C08-44B4-4059-83C4-F8F7AE667AB2}"
EndProject
Project("{FAE04EC0-301F-11D3-BF4B-00C04F79EFBC}") = "WcfTcpHost", "WcfTcpHost\WcfTcpHost.csproj", "{DA0EAF8C-F0B0-4F52-BEDE-7D7CD9B041E0}"
EndProject
Project("{FAE04EC0-301F-11D3-BF4B-00C04F79EFBC}") = "WcfTcpClient", "WcfTcpClient\WcfTcpClient.csproj", "{45B246D9-4A7E-4811-9236-436D869A71EE}"
EndProject
Global
	GlobalSection(SolutionConfigurationPlatforms) = preSolution
		Debug|Any CPU = Debug|Any CPU
		Release|Any CPU = Release|Any CPU
	EndGlobalSection
	GlobalSection(ProjectConfigurationPlatforms) = postSolution
		{48812C08-44B4-4059-83C4-F8F7AE667AB2}.Debug|Any CPU.ActiveCfg = Debug|Any CPU
		{48812C08-44B4-4059-83C4-F8F7AE667AB2}.Debug|Any CPU.Build.0 = Debug|Any CPU
		{48812C08-44B4-4059-83C4-F8F7AE667AB2}.Release|Any CPU.ActiveCfg = Release|Any CPU
		{48812C08-44B4-4059-83C4-F8F7AE667AB2}.Release|Any CPU.Build.0 = Release|Any CPU
		{DA0EAF8C-F0B0-4F52-BEDE-7D7CD9B041E0}.Debug|Any CPU.ActiveCfg = Debug|Any CPU
		{DA0EAF8C-F0B0-4F52-BEDE-7D7CD9B041E0}.Debug|Any CPU.Build.0 = Debug|Any CPU
		{DA0EAF8C-F0B0-4F52-BEDE-7D7CD9B041E0}.Release|Any CPU.ActiveCfg = Release|Any CPU
		{DA0EAF8C-F0B0-4F52-BEDE-7D7CD9B041E0}.Release|Any CPU.Build.0 = Release|Any CPU
		{45B246D9-4A7E-4811-9236-436D869A71EE}.Debug|Any CPU.ActiveCfg = Debug|Any CPU
		{45B246D9-4A7E-4811-9236-436D869A71EE}.Debug|Any CPU.Build.0 = Debug|Any CPU
		{45B246D9-4A7E-4811-9236-436D869A71EE}.Release|Any CPU.ActiveCfg = Release|Any CPU
		{45B246D9-4A7E-4811-9236-436D869A71EE}.Release|Any CPU.Build.0 = Release|Any CPU
	EndGlobalSection
	GlobalSection(SolutionProperties) = preSolution
		HideSolutionNode = FALSE
	EndGlobalSection
EndGlobal
